
Microsoft Visual Studio Solution File, Format Version 12.00
# Visual Studio Version 17
VisualStudioVersion = 17.11.35222.181
MinimumVisualStudioVersion = 10.0.40219.1
Project("{FAE04EC0-301F-11D3-BF4B-00C04F79EFBC}") = "Compuser1", "Compuser1\Compuser1.csproj", "{CBC3F899-94FC-4318-B6A4-131B674BAD82}"
EndProject
Global
	GlobalSection(SolutionConfigurationPlatforms) = preSolution
		Debug|Any CPU = Debug|Any CPU
		Release|Any CPU = Release|Any CPU
	EndGlobalSection
	GlobalSection(ProjectConfigurationPlatforms) = postSolution
		{CBC3F899-94FC-4318-B6A4-131B674BAD82}.Debug|Any CPU.ActiveCfg = Debug|Any CPU
		{CBC3F899-94FC-4318-B6A4-131B674BAD82}.Debug|Any CPU.Build.0 = Debug|Any CPU
		{CBC3F899-94FC-4318-B6A4-131B674BAD82}.Release|Any CPU.ActiveCfg = Release|Any CPU
		{CBC3F899-94FC-4318-B6A4-131B674BAD82}.Release|Any CPU.Build.0 = Release|Any CPU
	EndGlobalSection
	GlobalSection(SolutionProperties) = preSolution
		HideSolutionNode = FALSE
	EndGlobalSection
	GlobalSection(ExtensibilityGlobals) = postSolution
		SolutionGuid = {893E91A2-010C-412F-9FFE-9C4CC68B08B8}
	EndGlobalSection
EndGlobal
